{
  "name": "jsonymize",
  "version": "2.0.0",
  "lockfileVersion": 3,
  "requires": true,
  "packages": {
    "": {
      "name": "jsonymize",
      "version": "2.0.0",
      "license": "MIT",
      "dependencies": {
        "chance": "~0.7.3",
        "check-types": "~3.3.0",
        "cjson": "~0.3.1",
        "oboe": "~2.1.2",
        "yargs": "~1.3.3"
      },
      "bin": {
        "jsonymize": "bin/jsonymize"
      }
    },
    "node_modules/chance": {
      "version": "0.7.7",
      "resolved": "https://registry.npmjs.org/chance/-/chance-0.7.7.tgz",
      "integrity": "sha512-ivWj+HFL9666WJGKqzxBfLzMcug4dT9Z70FDp7MHLFmfYdWsio4Mv228vuhmxW1Ra5XIwOrROa7yC74AdFgueA==",
      "dependencies": {
        "minimist": "^1.1.0"
      },
      "bin": {
        "chance": "bin/chance.js"
      }
    },
    "node_modules/check-types": {
      "version": "3.3.1",
      "resolved": "https://registry.npmjs.org/check-types/-/check-types-3.3.1.tgz",
      "integrity": "sha512-4JAbNHUt6JkOjCfMDbI2EzP9iq/EhgRntKO/muS8seNHfwI9cKIV5I6dAeE2US7svuON09PrWw0eT3A6KQf6tQ=="
    },
    "node_modules/cjson": {
      "version": "0.3.3",
      "resolved": "https://registry.npmjs.org/cjson/-/cjson-0.3.3.tgz",
      "integrity": "sha512-yKNcXi/Mvi5kb1uK0sahubYiyfUO2EUgOp4NcY9+8NX5Xmc+4yeNogZuLFkpLBBj7/QI9MjRUIuXrV9XOw5kVg==",
      "dependencies": {
        "json-parse-helpfulerror": "^1.0.3"
      },
      "engines": {
        "node": ">= 0.3.0"
      }
    },
    "node_modules/http-https": {
      "version": "1.0.0",
      "resolved": "https://registry.npmjs.org/http-https/-/http-https-1.0.0.tgz",
      "integrity": "sha512-o0PWwVCSp3O0wS6FvNr6xfBCHgt0m1tvPLFOCc2iFDKTRAXhB7m8klDf7ErowFH8POa6dVdGatKU5I1YYwzUyg=="
    },
    "node_modules/jju": {
      "version": "1.4.0",
      "resolved": "https://registry.npmjs.org/jju/-/jju-1.4.0.tgz",
      "integrity": "sha512-8wb9Yw966OSxApiCt0K3yNJL8pnNeIv+OEq2YMidz4FKP6nonSRoOXc80iXY4JaN2FC11B9qsNmDsm+ZOfMROA=="
    },
    "node_modules/json-parse-helpfulerror": {
      "version": "1.0.3",
      "resolved": "https://registry.npmjs.org/json-parse-helpfulerror/-/json-parse-helpfulerror-1.0.3.tgz",
      "integrity": "sha512-XgP0FGR77+QhUxjXkwOMkC94k3WtqEBfcnjWqhRd82qTat4SWKRE+9kUnynz/shm3I4ea2+qISvTIeGTNU7kJg==",
      "dependencies": {
        "jju": "^1.1.0"
      }
    },
    "node_modules/minimist": {
      "version": "1.2.8",
      "resolved": "https://registry.npmjs.org/minimist/-/minimist-1.2.8.tgz",
      "integrity": "sha512-2yyAR8qBkN3YuheJanUpWC5U3bb5osDywNB8RzDVlDwDHbocAJveqqj1u8+SVD7jkWT4yvsHCpWqqWqAxb0zCA==",
      "funding": {
        "url": "https://github.com/sponsors/ljharb"
      }
    },
    "node_modules/oboe": {
      "version": "2.1.5",
      "resolved": "https://registry.npmjs.org/oboe/-/oboe-2.1.5.tgz",
      "integrity": "sha512-zRFWiF+FoicxEs3jNI/WYUrVEgA7DeET/InK0XQuudGHRg8iIob3cNPrJTKaz4004uaA9Pbe+Dwa8iluhjLZWA==",
      "dependencies": {
        "http-https": "^1.0.0"
      }
    },
    "node_modules/yargs": {
      "version": "1.3.3",
      "resolved": "https://registry.npmjs.org/yargs/-/yargs-1.3.3.tgz",
      "integrity": "sha512-7OGt4xXoWJQh5ulgZ78rKaqY7dNWbjfK+UKxGcIlaM2j7C4fqGchyv8CPvEWdRPrHp6Ula/YU8yGRpYGOHrI+g=="
    }
  }
}
